
Microsoft Visual Studio Solution File, Format Version 12.00
# Visual Studio 15
VisualStudioVersion = 15.0.28307.572
MinimumVisualStudioVersion = 10.0.40219.1
Project("{8BC9CEB8-8B4A-11D0-8D11-00A0C91BC942}") = "tttt", "tttt\tttt.vcxproj", "{4716F64D-6FC2-4030-A17F-F8E78633674D}"
EndProject
Global
	GlobalSection(SolutionConfigurationPlatforms) = preSolution
		Debug|x64 = Debug|x64
		Debug|x86 = Debug|x86
		Release|x64 = Release|x64
		Release|x86 = Release|x86
	EndGlobalSection
	GlobalSection(ProjectConfigurationPlatforms) = postSolution
		{4716F64D-6FC2-4030-A17F-F8E78633674D}.Debug|x64.ActiveCfg = Debug|x64
		{4716F64D-6FC2-4030-A17F-F8E78633674D}.Debug|x64.Build.0 = Debug|x64
		{4716F64D-6FC2-4030-A17F-F8E78633674D}.Debug|x86.ActiveCfg = Debug|Win32
		{4716F64D-6FC2-4030-A17F-F8E78633674D}.Debug|x86.Build.0 = Debug|Win32
		{4716F64D-6FC2-4030-A17F-F8E78633674D}.Release|x64.ActiveCfg = Release|x64
		{4716F64D-6FC2-4030-A17F-F8E78633674D}.Release|x64.Build.0 = Release|x64
		{4716F64D-6FC2-4030-A17F-F8E78633674D}.Release|x86.ActiveCfg = Release|Win32
		{4716F64D-6FC2-4030-A17F-F8E78633674D}.Release|x86.Build.0 = Release|Win32
	EndGlobalSection
	GlobalSection(SolutionProperties) = preSolution
		HideSolutionNode = FALSE
	EndGlobalSection
	GlobalSection(ExtensibilityGlobals) = postSolution
		SolutionGuid = {8B3E065C-EF11-4868-A149-5CA50B0F0193}
	EndGlobalSection
EndGlobal
