
Microsoft Visual Studio Solution File, Format Version 12.00
# Visual Studio 15
VisualStudioVersion = 15.0.28307.572
MinimumVisualStudioVersion = 10.0.40219.1
Project("{8BC9CEB8-8B4A-11D0-8D11-00A0C91BC942}") = "testgit", "testgit\testgit.vcxproj", "{71C5DDCB-7BFD-4D9D-B393-9B4C2C17D8E7}"
EndProject
Global
	GlobalSection(SolutionConfigurationPlatforms) = preSolution
		Debug|x64 = Debug|x64
		Debug|x86 = Debug|x86
		Release|x64 = Release|x64
		Release|x86 = Release|x86
	EndGlobalSection
	GlobalSection(ProjectConfigurationPlatforms) = postSolution
		{71C5DDCB-7BFD-4D9D-B393-9B4C2C17D8E7}.Debug|x64.ActiveCfg = Debug|x64
		{71C5DDCB-7BFD-4D9D-B393-9B4C2C17D8E7}.Debug|x64.Build.0 = Debug|x64
		{71C5DDCB-7BFD-4D9D-B393-9B4C2C17D8E7}.Debug|x86.ActiveCfg = Debug|Win32
		{71C5DDCB-7BFD-4D9D-B393-9B4C2C17D8E7}.Debug|x86.Build.0 = Debug|Win32
		{71C5DDCB-7BFD-4D9D-B393-9B4C2C17D8E7}.Release|x64.ActiveCfg = Release|x64
		{71C5DDCB-7BFD-4D9D-B393-9B4C2C17D8E7}.Release|x64.Build.0 = Release|x64
		{71C5DDCB-7BFD-4D9D-B393-9B4C2C17D8E7}.Release|x86.ActiveCfg = Release|Win32
		{71C5DDCB-7BFD-4D9D-B393-9B4C2C17D8E7}.Release|x86.Build.0 = Release|Win32
	EndGlobalSection
	GlobalSection(SolutionProperties) = preSolution
		HideSolutionNode = FALSE
	EndGlobalSection
	GlobalSection(ExtensibilityGlobals) = postSolution
		SolutionGuid = {7FB5121F-8BD4-4C73-A798-7146BCE8A5A3}
	EndGlobalSection
EndGlobal
